
Microsoft Visual Studio Solution File, Format Version 12.00
# Visual Studio Version 17
VisualStudioVersion = 17.5.002.0
MinimumVisualStudioVersion = 10.0.40219.1
Project("{9A19103F-16F7-4668-BE54-9A1E7A4F7556}") = "Students.Api", "Students.Api.csproj", "{F3E89B88-7D94-412D-A795-4F9A81C949FB}"
EndProject
Global
	GlobalSection(SolutionConfigurationPlatforms) = preSolution
		Debug|Any CPU = Debug|Any CPU
		Release|Any CPU = Release|Any CPU
	EndGlobalSection
	GlobalSection(ProjectConfigurationPlatforms) = postSolution
		{F3E89B88-7D94-412D-A795-4F9A81C949FB}.Debug|Any CPU.ActiveCfg = Debug|Any CPU
		{F3E89B88-7D94-412D-A795-4F9A81C949FB}.Debug|Any CPU.Build.0 = Debug|Any CPU
		{F3E89B88-7D94-412D-A795-4F9A81C949FB}.Release|Any CPU.ActiveCfg = Release|Any CPU
		{F3E89B88-7D94-412D-A795-4F9A81C949FB}.Release|Any CPU.Build.0 = Release|Any CPU
	EndGlobalSection
	GlobalSection(SolutionProperties) = preSolution
		HideSolutionNode = FALSE
	EndGlobalSection
	GlobalSection(ExtensibilityGlobals) = postSolution
		SolutionGuid = {8F02B427-4558-4F48-9370-77E9B908D1B0}
	EndGlobalSection
EndGlobal
